// !$*UTF8*$!
{
	archiveVersion = 1;
	classes = {
	};
	objectVersion = 48;
	objects = {

/* Begin PBXBuildFile section */
		69D952F39396198A95C9440E /* Pods_BadParkers.framework in Frameworks */ = {isa = PBXBuildFile; fileRef = AC74EB63F6833E62F05470EB /* Pods_BadParkers.framework */; };
		973034B82054BC34008935B4 /* ImageAnnotation.swift in Sources */ = {isa = PBXBuildFile; fileRef = 973034B72054BC34008935B4 /* ImageAnnotation.swift */; };
		973034BA2054C82A008935B4 /* ImageAnnotationView.swift in Sources */ = {isa = PBXBuildFile; fileRef = 973034B92054C82A008935B4 /* ImageAnnotationView.swift */; };
		973034BC205575C9008935B4 /* GoogleService-Info.plist in Resources */ = {isa = PBXBuildFile; fileRef = 973034BB205575C8008935B4 /* GoogleService-Info.plist */; };
		975CC3F020559AA3002CC002 /* AnnotationRetriever.swift in Sources */ = {isa = PBXBuildFile; fileRef = 975CC3EF20559AA3002CC002 /* AnnotationRetriever.swift */; };
		979A6F812083C021000A3125 /* Comment.swift in Sources */ = {isa = PBXBuildFile; fileRef = 979A6F802083C021000A3125 /* Comment.swift */; };
		97D50E7E20548D87003FC60C /* AppDelegate.swift in Sources */ = {isa = PBXBuildFile; fileRef = 97D50E7D20548D87003FC60C /* AppDelegate.swift */; };
		97D50E8320548D87003FC60C /* Main.storyboard in Resources */ = {isa = PBXBuildFile; fileRef = 97D50E8120548D87003FC60C /* Main.storyboard */; };
		97D50E8520548D87003FC60C /* Assets.xcassets in Resources */ = {isa = PBXBuildFile; fileRef = 97D50E8420548D87003FC60C /* Assets.xcassets */; };
		97D50E8820548D87003FC60C /* LaunchScreen.storyboard in Resources */ = {isa = PBXBuildFile; fileRef = 97D50E8620548D87003FC60C /* LaunchScreen.storyboard */; };
		97D50E94205490B0003FC60C /* HomeScreenViewController.swift in Sources */ = {isa = PBXBuildFile; fileRef = 97D50E93205490B0003FC60C /* HomeScreenViewController.swift */; };
		97EE9EB62079A662006D22F2 /* CommentViewController.swift in Sources */ = {isa = PBXBuildFile; fileRef = 97EE9EB52079A662006D22F2 /* CommentViewController.swift */; };
/* End PBXBuildFile section */

/* Begin PBXFileReference section */
		973034B72054BC34008935B4 /* ImageAnnotation.swift */ = {isa = PBXFileReference; lastKnownFileType = sourcecode.swift; path = ImageAnnotation.swift; sourceTree = "<group>"; };
		973034B92054C82A008935B4 /* ImageAnnotationView.swift */ = {isa = PBXFileReference; lastKnownFileType = sourcecode.swift; path = ImageAnnotationView.swift; sourceTree = "<group>"; };
		973034BB205575C8008935B4 /* GoogleService-Info.plist */ = {isa = PBXFileReference; fileEncoding = 4; lastKnownFileType = text.plist.xml; path = "GoogleService-Info.plist"; sourceTree = "<group>"; };
		975CC3EF20559AA3002CC002 /* AnnotationRetriever.swift */ = {isa = PBXFileReference; lastKnownFileType = sourcecode.swift; path = AnnotationRetriever.swift; sourceTree = "<group>"; };
		979A6F802083C021000A3125 /* Comment.swift */ = {isa = PBXFileReference; lastKnownFileType = sourcecode.swift; path = Comment.swift; sourceTree = "<group>"; };
		97D50E7A20548D87003FC60C /* BadParkers.app */ = {isa = PBXFileReference; explicitFileType = wrapper.application; includeInIndex = 0; path = BadParkers.app; sourceTree = BUILT_PRODUCTS_DIR; };
		97D50E7D20548D87003FC60C /* AppDelegate.swift */ = {isa = PBXFileReference; lastKnownFileType = sourcecode.swift; path = AppDelegate.swift; sourceTree = "<group>"; };
		97D50E8220548D87003FC60C /* Base */ = {isa = PBXFileReference; lastKnownFileType = file.storyboard; name = Base; path = Base.lproj/Main.storyboard; sourceTree = "<group>"; };
		97D50E8420548D87003FC60C /* Assets.xcassets */ = {isa = PBXFileReference; lastKnownFileType = folder.assetcatalog; path = Assets.xcassets; sourceTree = "<group>"; };
		97D50E8720548D87003FC60C /* Base */ = {isa = PBXFileReference; lastKnownFileType = file.storyboard; name = Base; path = Base.lproj/LaunchScreen.storyboard; sourceTree = "<group>"; };
		97D50E8920548D87003FC60C /* Info.plist */ = {isa = PBXFileReference; lastKnownFileType = text.plist.xml; path = Info.plist; sourceTree = "<group>"; };
		97D50E93205490B0003FC60C /* HomeScreenViewController.swift */ = {isa = PBXFileReference; lastKnownFileType = sourcecode.swift; path = HomeScreenViewController.swift; sourceTree = "<group>"; };
		97EE9EB52079A662006D22F2 /* CommentViewController.swift */ = {isa = PBXFileReference; lastKnownFileType = sourcecode.swift; name = CommentViewController.swift; path = /Users/donahueavila/Documents/Projects/BadParkers/BadParkers/CommentViewController.swift; sourceTree = "<absolute>"; };
		AC74EB63F6833E62F05470EB /* Pods_BadParkers.framework */ = {isa = PBXFileReference; explicitFileType = wrapper.framework; includeInIndex = 0; path = Pods_BadParkers.framework; sourceTree = BUILT_PRODUCTS_DIR; };
		DCFDED0FD156E56D47C8A967 /* Pods-BadParkers.debug.xcconfig */ = {isa = PBXFileReference; includeInIndex = 1; lastKnownFileType = text.xcconfig; name = "Pods-BadParkers.debug.xcconfig"; path = "Pods/Target Support Files/Pods-BadParkers/Pods-BadParkers.debug.xcconfig"; sourceTree = "<group>"; };
		F07EB1FC67B9704C169A44F7 /* Pods-BadParkers.release.xcconfig */ = {isa = PBXFileReference; includeInIndex = 1; lastKnownFileType = text.xcconfig; name = "Pods-BadParkers.release.xcconfig"; path = "Pods/Target Support Files/Pods-BadParkers/Pods-BadParkers.release.xcconfig"; sourceTree = "<group>"; };
/* End PBXFileReference section */

/* Begin PBXFrameworksBuildPhase section */
		97D50E7720548D87003FC60C /* Frameworks */ = {
			isa = PBXFrameworksBuildPhase;
			buildActionMask = 2147483647;
			files = (
				69D952F39396198A95C9440E /* Pods_BadParkers.framework in Frameworks */,
			);
			runOnlyForDeploymentPostprocessing = 0;
		};
/* End PBXFrameworksBuildPhase section */

/* Begin PBXGroup section */
		3092435B88949CCF77326EF4 /* Frameworks */ = {
			isa = PBXGroup;
			children = (
				AC74EB63F6833E62F05470EB /* Pods_BadParkers.framework */,
			);
			name = Frameworks;
			sourceTree = "<group>";
		};
		5A5F0B4409B659EC780530B6 /* Pods */ = {
			isa = PBXGroup;
			children = (
				DCFDED0FD156E56D47C8A967 /* Pods-BadParkers.debug.xcconfig */,
				F07EB1FC67B9704C169A44F7 /* Pods-BadParkers.release.xcconfig */,
			);
			name = Pods;
			sourceTree = "<group>";
		};
		97D50E7120548D87003FC60C = {
			isa = PBXGroup;
			children = (
				97D50E7C20548D87003FC60C /* BadParkers */,
				97D50E7B20548D87003FC60C /* Products */,
				5A5F0B4409B659EC780530B6 /* Pods */,
				3092435B88949CCF77326EF4 /* Frameworks */,
			);
			sourceTree = "<group>";
		};
		97D50E7B20548D87003FC60C /* Products */ = {
			isa = PBXGroup;
			children = (
				97D50E7A20548D87003FC60C /* BadParkers.app */,
			);
			name = Products;
			sourceTree = "<group>";
		};
		97D50E7C20548D87003FC60C /* BadParkers */ = {
			isa = PBXGroup;
			children = (
				97EE9EB52079A662006D22F2 /* CommentViewController.swift */,
				979A6F802083C021000A3125 /* Comment.swift */,
				97D50E93205490B0003FC60C /* HomeScreenViewController.swift */,
				973034B92054C82A008935B4 /* ImageAnnotationView.swift */,
				973034B72054BC34008935B4 /* ImageAnnotation.swift */,
				975CC3EF20559AA3002CC002 /* AnnotationRetriever.swift */,
				97D50E7D20548D87003FC60C /* AppDelegate.swift */,
				97D50E8120548D87003FC60C /* Main.storyboard */,
				97D50E8420548D87003FC60C /* Assets.xcassets */,
				97D50E8620548D87003FC60C /* LaunchScreen.storyboard */,
				973034BB205575C8008935B4 /* GoogleService-Info.plist */,
				97D50E8920548D87003FC60C /* Info.plist */,
			);
			path = BadParkers;
			sourceTree = "<group>";
		};
/* End PBXGroup section */

/* Begin PBXNativeTarget section */
		97D50E7920548D87003FC60C /* BadParkers */ = {
			isa = PBXNativeTarget;
			buildConfigurationList = 97D50E8C20548D87003FC60C /* Build configuration list for PBXNativeTarget "BadParkers" */;
			buildPhases = (
				5E3D4B0701057374C5AE13C7 /* [CP] Check Pods Manifest.lock */,
				97D50E7620548D87003FC60C /* Sources */,
				97D50E7720548D87003FC60C /* Frameworks */,
				97D50E7820548D87003FC60C /* Resources */,
				158BBF1892D76B30665DA60E /* [CP] Embed Pods Frameworks */,
				41987F20690EDA66CE248887 /* [CP] Copy Pods Resources */,
			);
			buildRules = (
			);
			dependencies = (
			);
			name = BadParkers;
			productName = BadParkers;
			productReference = 97D50E7A20548D87003FC60C /* BadParkers.app */;
			productType = "com.apple.product-type.application";
		};
/* End PBXNativeTarget section */

/* Begin PBXProject section */
		97D50E7220548D87003FC60C /* Project object */ = {
			isa = PBXProject;
			attributes = {
				LastSwiftUpdateCheck = 0920;
				LastUpgradeCheck = 1000;
				ORGANIZATIONNAME = "Donahue Avila";
				TargetAttributes = {
					97D50E7920548D87003FC60C = {
						CreatedOnToolsVersion = 9.2;
						LastSwiftMigration = 1000;
						ProvisioningStyle = Automatic;
					};
				};
			};
			buildConfigurationList = 97D50E7520548D87003FC60C /* Build configuration list for PBXProject "BadParkers" */;
			compatibilityVersion = "Xcode 8.0";
			developmentRegion = en;
			hasScannedForEncodings = 0;
			knownRegions = (
				en,
				Base,
			);
			mainGroup = 97D50E7120548D87003FC60C;
			productRefGroup = 97D50E7B20548D87003FC60C /* Products */;
			projectDirPath = "";
			projectRoot = "";
			targets = (
				97D50E7920548D87003FC60C /* BadParkers */,
			);
		};
/* End PBXProject section */

/* Begin PBXResourcesBuildPhase section */
		97D50E7820548D87003FC60C /* Resources */ = {
			isa = PBXResourcesBuildPhase;
			buildActionMask = 2147483647;
			files = (
				97D50E8820548D87003FC60C /* LaunchScreen.storyboard in Resources */,
				973034BC205575C9008935B4 /* GoogleService-Info.plist in Resources */,
				97D50E8520548D87003FC60C /* Assets.xcassets in Resources */,
				97D50E8320548D87003FC60C /* Main.storyboard in Resources */,
			);
			runOnlyForDeploymentPostprocessing = 0;
		};
/* End PBXResourcesBuildPhase section */

/* Begin PBXShellScriptBuildPhase section */
		158BBF1892D76B30665DA60E /* [CP] Embed Pods Frameworks */ = {
			isa = PBXShellScriptBuildPhase;
			buildActionMask = 2147483647;
			files = (
			);
			inputPaths = (
				"${SRCROOT}/Pods/Target Support Files/Pods-BadParkers/Pods-BadParkers-frameworks.sh",
				"${BUILT_PRODUCTS_DIR}/BoringSSL/openssl.framework",
				"${BUILT_PRODUCTS_DIR}/GTMSessionFetcher/GTMSessionFetcher.framework",
				"${BUILT_PRODUCTS_DIR}/GoogleToolboxForMac/GoogleToolboxForMac.framework",
				"${BUILT_PRODUCTS_DIR}/Protobuf/Protobuf.framework",
				"${BUILT_PRODUCTS_DIR}/gRPC/GRPCClient.framework",
				"${BUILT_PRODUCTS_DIR}/gRPC-Core/grpc.framework",
				"${BUILT_PRODUCTS_DIR}/gRPC-ProtoRPC/ProtoRPC.framework",
				"${BUILT_PRODUCTS_DIR}/gRPC-RxLibrary/RxLibrary.framework",
				"${BUILT_PRODUCTS_DIR}/leveldb-library/leveldb.framework",
				"${BUILT_PRODUCTS_DIR}/nanopb/nanopb.framework",
			);
			name = "[CP] Embed Pods Frameworks";
			outputPaths = (
				"${TARGET_BUILD_DIR}/${FRAMEWORKS_FOLDER_PATH}/openssl.framework",
				"${TARGET_BUILD_DIR}/${FRAMEWORKS_FOLDER_PATH}/GTMSessionFetcher.framework",
				"${TARGET_BUILD_DIR}/${FRAMEWORKS_FOLDER_PATH}/GoogleToolboxForMac.framework",
				"${TARGET_BUILD_DIR}/${FRAMEWORKS_FOLDER_PATH}/Protobuf.framework",
				"${TARGET_BUILD_DIR}/${FRAMEWORKS_FOLDER_PATH}/GRPCClient.framework",
				"${TARGET_BUILD_DIR}/${FRAMEWORKS_FOLDER_PATH}/grpc.framework",
				"${TARGET_BUILD_DIR}/${FRAMEWORKS_FOLDER_PATH}/ProtoRPC.framework",
				"${TARGET_BUILD_DIR}/${FRAMEWORKS_FOLDER_PATH}/RxLibrary.framework",
				"${TARGET_BUILD_DIR}/${FRAMEWORKS_FOLDER_PATH}/leveldb.framework",
				"${TARGET_BUILD_DIR}/${FRAMEWORKS_FOLDER_PATH}/nanopb.framework",
			);
			runOnlyForDeploymentPostprocessing = 0;
			shellPath = /bin/sh;
			shellScript = "\"${SRCROOT}/Pods/Target Support Files/Pods-BadParkers/Pods-BadParkers-frameworks.sh\"\n";
			showEnvVarsInLog = 0;
		};
		41987F20690EDA66CE248887 /* [CP] Copy Pods Resources */ = {
			isa = PBXShellScriptBuildPhase;
			buildActionMask = 2147483647;
			files = (
			);
			inputPaths = (
			);
			name = "[CP] Copy Pods Resources";
			outputPaths = (
			);
			runOnlyForDeploymentPostprocessing = 0;
			shellPath = /bin/sh;
			shellScript = "\"${SRCROOT}/Pods/Target Support Files/Pods-BadParkers/Pods-BadParkers-resources.sh\"\n";
			showEnvVarsInLog = 0;
		};
		5E3D4B0701057374C5AE13C7 /* [CP] Check Pods Manifest.lock */ = {
			isa = PBXShellScriptBuildPhase;
			buildActionMask = 2147483647;
			files = (
			);
			inputPaths = (
				"${PODS_PODFILE_DIR_PATH}/Podfile.lock",
				"${PODS_ROOT}/Manifest.lock",
			);
			name = "[CP] Check Pods Manifest.lock";
			outputPaths = (
				"$(DERIVED_FILE_DIR)/Pods-BadParkers-checkManifestLockResult.txt",
			);
			runOnlyForDeploymentPostprocessing = 0;
			shellPath = /bin/sh;
			shellScript = "diff \"${PODS_PODFILE_DIR_PATH}/Podfile.lock\" \"${PODS_ROOT}/Manifest.lock\" > /dev/null\nif [ $? != 0 ] ; then\n    # print error to STDERR\n    echo \"error: The sandbox is not in sync with the Podfile.lock. Run 'pod install' or update your CocoaPods installation.\" >&2\n    exit 1\nfi\n# This output is used by Xcode 'outputs' to avoid re-running this script phase.\necho \"SUCCESS\" > \"${SCRIPT_OUTPUT_FILE_0}\"\n";
			showEnvVarsInLog = 0;
		};
/* End PBXShellScriptBuildPhase section */

/* Begin PBXSourcesBuildPhase section */
		97D50E7620548D87003FC60C /* Sources */ = {
			isa = PBXSourcesBuildPhase;
			buildActionMask = 2147483647;
			files = (
				97D50E7E20548D87003FC60C /* AppDelegate.swift in Sources */,
				975CC3F020559AA3002CC002 /* AnnotationRetriever.swift in Sources */,
				979A6F812083C021000A3125 /* Comment.swift in Sources */,
				97EE9EB62079A662006D22F2 /* CommentViewController.swift in Sources */,
				973034BA2054C82A008935B4 /* ImageAnnotationView.swift in Sources */,
				97D50E94205490B0003FC60C /* HomeScreenViewController.swift in Sources */,
				973034B82054BC34008935B4 /* ImageAnnotation.swift in Sources */,
			);
			runOnlyForDeploymentPostprocessing = 0;
		};
/* End PBXSourcesBuildPhase section */

/* Begin PBXVariantGroup section */
		97D50E8120548D87003FC60C /* Main.storyboard */ = {
			isa = PBXVariantGroup;
			children = (
				97D50E8220548D87003FC60C /* Base */,
			);
			name = Main.storyboard;
			sourceTree = "<group>";
		};
		97D50E8620548D87003FC60C /* LaunchScreen.storyboard */ = {
			isa = PBXVariantGroup;
			children = (
				97D50E8720548D87003FC60C /* Base */,
			);
			name = LaunchScreen.storyboard;
			sourceTree = "<group>";
		};
/* End PBXVariantGroup section */

/* Begin XCBuildConfiguration section */
		97D50E8A20548D87003FC60C /* Debug */ = {
			isa = XCBuildConfiguration;
			buildSettings = {
				ALWAYS_SEARCH_USER_PATHS = NO;
				CLANG_ANALYZER_NONNULL = YES;
				CLANG_ANALYZER_NUMBER_OBJECT_CONVERSION = YES_AGGRESSIVE;
				CLANG_CXX_LANGUAGE_STANDARD = "gnu++14";
				CLANG_CXX_LIBRARY = "libc++";
				CLANG_ENABLE_MODULES = YES;
				CLANG_ENABLE_OBJC_ARC = YES;
				CLANG_WARN_BLOCK_CAPTURE_AUTORELEASING = YES;
				CLANG_WARN_BOOL_CONVERSION = YES;
				CLANG_WARN_COMMA = YES;
				CLANG_WARN_CONSTANT_CONVERSION = YES;
				CLANG_WARN_DEPRECATED_OBJC_IMPLEMENTATIONS = YES;
				CLANG_WARN_DIRECT_OBJC_ISA_USAGE = YES_ERROR;
				CLANG_WARN_DOCUMENTATION_COMMENTS = YES;
				CLANG_WARN_EMPTY_BODY = YES;
				CLANG_WARN_ENUM_CONVERSION = YES;
				CLANG_WARN_INFINITE_RECURSION = YES;
				CLANG_WARN_INT_CONVERSION = YES;
				CLANG_WARN_NON_LITERAL_NULL_CONVERSION = YES;
				CLANG_WARN_OBJC_IMPLICIT_RETAIN_SELF = YES;
				CLANG_WARN_OBJC_LITERAL_CONVERSION = YES;
				CLANG_WARN_OBJC_ROOT_CLASS = YES_ERROR;
				CLANG_WARN_RANGE_LOOP_ANALYSIS = YES;
				CLANG_WARN_STRICT_PROTOTYPES = YES;
				CLANG_WARN_SUSPICIOUS_MOVE = YES;
				CLANG_WARN_UNGUARDED_AVAILABILITY = YES_AGGRESSIVE;
				CLANG_WARN_UNREACHABLE_CODE = YES;
				CLANG_WARN__DUPLICATE_METHOD_MATCH = YES;
				CODE_SIGN_IDENTITY = "iPhone Developer";
				COPY_PHASE_STRIP = NO;
				DEBUG_INFORMATION_FORMAT = dwarf;
				ENABLE_STRICT_OBJC_MSGSEND = YES;
				ENABLE_TESTABILITY = YES;
				GCC_C_LANGUAGE_STANDARD = gnu11;
				GCC_DYNAMIC_NO_PIC = NO;
				GCC_NO_COMMON_BLOCKS = YES;
				GCC_OPTIMIZATION_LEVEL = 0;
				GCC_PREPROCESSOR_DEFINITIONS = (
					"DEBUG=1",
					"$(inherited)",
				);
				GCC_WARN_64_TO_32_BIT_CONVERSION = YES;
				GCC_WARN_ABOUT_RETURN_TYPE = YES_ERROR;
				GCC_WARN_UNDECLARED_SELECTOR = YES;
				GCC_WARN_UNINITIALIZED_AUTOS = YES_AGGRESSIVE;
				GCC_WARN_UNUSED_FUNCTION = YES;
				GCC_WARN_UNUSED_VARIABLE = YES;
				IPHONEOS_DEPLOYMENT_TARGET = 12.0;
				MTL_ENABLE_DEBUG_INFO = YES;
				ONLY_ACTIVE_ARCH = YES;
				SDKROOT = iphoneos;
				SWIFT_ACTIVE_COMPILATION_CONDITIONS = DEBUG;
				SWIFT_OPTIMIZATION_LEVEL = "-Onone";
			};
			name = Debug;
		};
		97D50E8B20548D87003FC60C /* Release */ = {
			isa = XCBuildConfiguration;
			buildSettings = {
				ALWAYS_SEARCH_USER_PATHS = NO;
				CLANG_ANALYZER_NONNULL = YES;
				CLANG_ANALYZER_NUMBER_OBJECT_CONVERSION = YES_AGGRESSIVE;
				CLANG_CXX_LANGUAGE_STANDARD = "gnu++14";
				CLANG_CXX_LIBRARY = "libc++";
				CLANG_ENABLE_MODULES = YES;
				CLANG_ENABLE_OBJC_ARC = YES;
				CLANG_WARN_BLOCK_CAPTURE_AUTORELEASING = YES;
				CLANG_WARN_BOOL_CONVERSION = YES;
				CLANG_WARN_COMMA = YES;
				CLANG_WARN_CONSTANT_CONVERSION = YES;
				CLANG_WARN_DEPRECATED_OBJC_IMPLEMENTATIONS = YES;
				CLANG_WARN_DIRECT_OBJC_ISA_USAGE = YES_ERROR;
				CLANG_WARN_DOCUMENTATION_COMMENTS = YES;
				CLANG_WARN_EMPTY_BODY = YES;
				CLANG_WARN_ENUM_CONVERSION = YES;
				CLANG_WARN_INFINITE_RECURSION = YES;
				CLANG_WARN_INT_CONVERSION = YES;
				CLANG_WARN_NON_LITERAL_NULL_CONVERSION = YES;
				CLANG_WARN_OBJC_IMPLICIT_RETAIN_SELF = YES;
				CLANG_WARN_OBJC_LITERAL_CONVERSION = YES;
				CLANG_WARN_OBJC_ROOT_CLASS = YES_ERROR;
				CLANG_WARN_RANGE_LOOP_ANALYSIS = YES;
				CLANG_WARN_STRICT_PROTOTYPES = YES;
				CLANG_WARN_SUSPICIOUS_MOVE = YES;
				CLANG_WARN_UNGUARDED_AVAILABILITY = YES_AGGRESSIVE;
				CLANG_WARN_UNREACHABLE_CODE = YES;
				CLANG_WARN__DUPLICATE_METHOD_MATCH = YES;
				CODE_SIGN_IDENTITY = "iPhone Developer";
				COPY_PHASE_STRIP = NO;
				DEBUG_INFORMATION_FORMAT = "dwarf-with-dsym";
				ENABLE_NS_ASSERTIONS = NO;
				ENABLE_STRICT_OBJC_MSGSEND = YES;
				GCC_C_LANGUAGE_STANDARD = gnu11;
				GCC_NO_COMMON_BLOCKS = YES;
				GCC_WARN_64_TO_32_BIT_CONVERSION = YES;
				GCC_WARN_ABOUT_RETURN_TYPE = YES_ERROR;
				GCC_WARN_UNDECLARED_SELECTOR = YES;
				GCC_WARN_UNINITIALIZED_AUTOS = YES_AGGRESSIVE;
				GCC_WARN_UNUSED_FUNCTION = YES;
				GCC_WARN_UNUSED_VARIABLE = YES;
				IPHONEOS_DEPLOYMENT_TARGET = 12.0;
				MTL_ENABLE_DEBUG_INFO = NO;
				SDKROOT = iphoneos;
				SWIFT_OPTIMIZATION_LEVEL = "-Owholemodule";
				VALIDATE_PRODUCT = YES;
			};
			name = Release;
		};
		97D50E8D20548D87003FC60C /* Debug */ = {
			isa = XCBuildConfiguration;
			baseConfigurationReference = DCFDED0FD156E56D47C8A967 /* Pods-BadParkers.debug.xcconfig */;
			buildSettings = {
				ASSETCATALOG_COMPILER_APPICON_NAME = AppIcon;
				CODE_SIGN_STYLE = Automatic;
				DEVELOPMENT_TEAM = SY6GRX36SS;
				INFOPLIST_FILE = BadParkers/Info.plist;
				LD_RUNPATH_SEARCH_PATHS = "$(inherited) @executable_path/Frameworks";
				PRODUCT_BUNDLE_IDENTIFIER = com.donahue.avila.BadParkers;
				PRODUCT_NAME = "$(TARGET_NAME)";
				SWIFT_VERSION = 4.2;
				TARGETED_DEVICE_FAMILY = "1,2";
			};
			name = Debug;
		};
		97D50E8E20548D87003FC60C /* Release */ = {
			isa = XCBuildConfiguration;
			baseConfigurationReference = F07EB1FC67B9704C169A44F7 /* Pods-BadParkers.release.xcconfig */;
			buildSettings = {
				ASSETCATALOG_COMPILER_APPICON_NAME = AppIcon;
				CODE_SIGN_STYLE = Automatic;
				DEVELOPMENT_TEAM = SY6GRX36SS;
				INFOPLIST_FILE = BadParkers/Info.plist;
				LD_RUNPATH_SEARCH_PATHS = "$(inherited) @executable_path/Frameworks";
				PRODUCT_BUNDLE_IDENTIFIER = com.donahue.avila.BadParkers;
				PRODUCT_NAME = "$(TARGET_NAME)";
				SWIFT_VERSION = 4.2;
				TARGETED_DEVICE_FAMILY = "1,2";
			};
			name = Release;
		};
/* End XCBuildConfiguration section */

/* Begin XCConfigurationList section */
		97D50E7520548D87003FC60C /* Build configuration list for PBXProject "BadParkers" */ = {
			isa = XCConfigurationList;
			buildConfigurations = (
				97D50E8A20548D87003FC60C /* Debug */,
				97D50E8B20548D87003FC60C /* Release */,
			);
			defaultConfigurationIsVisible = 0;
			defaultConfigurationName = Release;
		};
		97D50E8C20548D87003FC60C /* Build configuration list for PBXNativeTarget "BadParkers" */ = {
			isa = XCConfigurationList;
			buildConfigurations = (
				97D50E8D20548D87003FC60C /* Debug */,
				97D50E8E20548D87003FC60C /* Release */,
			);
			defaultConfigurationIsVisible = 0;
			defaultConfigurationName = Release;
		};
/* End XCConfigurationList section */
	};
	rootObject = 97D50E7220548D87003FC60C /* Project object */;
}
